# This file is generated by running "yarn install" inside your project.
# Manual changes might be lost - proceed with caution!

__metadata:
  version: 6
  cacheKey: 8

"esbuild-android-64@npm:0.14.38":
  version: 0.14.38
  resolution: "esbuild-android-64@npm:0.14.38"
  conditions: os=android & cpu=x64
  languageName: node
  linkType: hard

"esbuild-android-arm64@npm:0.14.38":
  version: 0.14.38
  resolution: "esbuild-android-arm64@npm:0.14.38"
  conditions: os=android & cpu=arm64
  languageName: node
  linkType: hard

"esbuild-config@npm:^0.2.0":
  version: 0.2.0
  resolution: "esbuild-config@npm:0.2.0"
  bin:
    esbuild-config: bin/esbuild-config
  checksum: f2606b040adf246ad12b1a2ff787257c62895c33b96b5778e76ff9141132ac8b10591a5a4828ea79012c5e4126ff1d9530ade67da3ccfe0180adc973dcf2724e
  languageName: node
  linkType: hard

"esbuild-darwin-64@npm:0.14.38":
  version: 0.14.38
  resolution: "esbuild-darwin-64@npm:0.14.38"
  conditions: os=darwin & cpu=x64
  languageName: node
  linkType: hard

"esbuild-darwin-arm64@npm:0.14.38":
  version: 0.14.38
  resolution: "esbuild-darwin-arm64@npm:0.14.38"
  conditions: os=darwin & cpu=arm64
  languageName: node
  linkType: hard

"esbuild-freebsd-64@npm:0.14.38":
  version: 0.14.38
  resolution: "esbuild-freebsd-64@npm:0.14.38"
  conditions: os=freebsd & cpu=x64
  languageName: node
  linkType: hard

"esbuild-freebsd-arm64@npm:0.14.38":
  version: 0.14.38
  resolution: "esbuild-freebsd-arm64@npm:0.14.38"
  conditions: os=freebsd & cpu=arm64
  languageName: node
  linkType: hard

"esbuild-linux-32@npm:0.14.38":
  version: 0.14.38
  resolution: "esbuild-linux-32@npm:0.14.38"
  conditions: os=linux & cpu=ia32
  languageName: node
  linkType: hard

"esbuild-linux-64@npm:0.14.38":
  version: 0.14.38
  resolution: "esbuild-linux-64@npm:0.14.38"
  conditions: os=linux & cpu=x64
  languageName: node
  linkType: hard

"esbuild-linux-arm64@npm:0.14.38":
  version: 0.14.38
  resolution: "esbuild-linux-arm64@npm:0.14.38"
  conditions: os=linux & cpu=arm64
  languageName: node
  linkType: hard

"esbuild-linux-arm@npm:0.14.38":
  version: 0.14.38
  resolution: "esbuild-linux-arm@npm:0.14.38"
  conditions: os=linux & cpu=arm
  languageName: node
  linkType: hard

"esbuild-linux-mips64le@npm:0.14.38":
  version: 0.14.38
  resolution: "esbuild-linux-mips64le@npm:0.14.38"
  conditions: os=linux & cpu=mips64el
  languageName: node
  linkType: hard

"esbuild-linux-ppc64le@npm:0.14.38":
  version: 0.14.38
  resolution: "esbuild-linux-ppc64le@npm:0.14.38"
  conditions: os=linux & cpu=ppc64
  languageName: node
  linkType: hard

"esbuild-linux-riscv64@npm:0.14.38":
  version: 0.14.38
  resolution: "esbuild-linux-riscv64@npm:0.14.38"
  conditions: os=linux & cpu=riscv64
  languageName: node
  linkType: hard

"esbuild-linux-s390x@npm:0.14.38":
  version: 0.14.38
  resolution: "esbuild-linux-s390x@npm:0.14.38"
  conditions: os=linux & cpu=s390x
  languageName: node
  linkType: hard

"esbuild-netbsd-64@npm:0.14.38":
  version: 0.14.38
  resolution: "esbuild-netbsd-64@npm:0.14.38"
  conditions: os=netbsd & cpu=x64
  languageName: node
  linkType: hard

"esbuild-openbsd-64@npm:0.14.38":
  version: 0.14.38
  resolution: "esbuild-openbsd-64@npm:0.14.38"
  conditions: os=openbsd & cpu=x64
  languageName: node
  linkType: hard

"esbuild-sunos-64@npm:0.14.38":
  version: 0.14.38
  resolution: "esbuild-sunos-64@npm:0.14.38"
  conditions: os=sunos & cpu=x64
  languageName: node
  linkType: hard

"esbuild-windows-32@npm:0.14.38":
  version: 0.14.38
  resolution: "esbuild-windows-32@npm:0.14.38"
  conditions: os=win32 & cpu=ia32
  languageName: node
  linkType: hard

"esbuild-windows-64@npm:0.14.38":
  version: 0.14.38
  resolution: "esbuild-windows-64@npm:0.14.38"
  conditions: os=win32 & cpu=x64
  languageName: node
  linkType: hard

"esbuild-windows-arm64@npm:0.14.38":
  version: 0.14.38
  resolution: "esbuild-windows-arm64@npm:0.14.38"
  conditions: os=win32 & cpu=arm64
  languageName: node
  linkType: hard

"esbuild@npm:^0.14.38":
  version: 0.14.38
  resolution: "esbuild@npm:0.14.38"
  dependencies:
    esbuild-android-64: 0.14.38
    esbuild-android-arm64: 0.14.38
    esbuild-darwin-64: 0.14.38
    esbuild-darwin-arm64: 0.14.38
    esbuild-freebsd-64: 0.14.38
    esbuild-freebsd-arm64: 0.14.38
    esbuild-linux-32: 0.14.38
    esbuild-linux-64: 0.14.38
    esbuild-linux-arm: 0.14.38
    esbuild-linux-arm64: 0.14.38
    esbuild-linux-mips64le: 0.14.38
    esbuild-linux-ppc64le: 0.14.38
    esbuild-linux-riscv64: 0.14.38
    esbuild-linux-s390x: 0.14.38
    esbuild-netbsd-64: 0.14.38
    esbuild-openbsd-64: 0.14.38
    esbuild-sunos-64: 0.14.38
    esbuild-windows-32: 0.14.38
    esbuild-windows-64: 0.14.38
    esbuild-windows-arm64: 0.14.38
  dependenciesMeta:
    esbuild-android-64:
      optional: true
    esbuild-android-arm64:
      optional: true
    esbuild-darwin-64:
      optional: true
    esbuild-darwin-arm64:
      optional: true
    esbuild-freebsd-64:
      optional: true
    esbuild-freebsd-arm64:
      optional: true
    esbuild-linux-32:
      optional: true
    esbuild-linux-64:
      optional: true
    esbuild-linux-arm:
      optional: true
    esbuild-linux-arm64:
      optional: true
    esbuild-linux-mips64le:
      optional: true
    esbuild-linux-ppc64le:
      optional: true
    esbuild-linux-riscv64:
      optional: true
    esbuild-linux-s390x:
      optional: true
    esbuild-netbsd-64:
      optional: true
    esbuild-openbsd-64:
      optional: true
    esbuild-sunos-64:
      optional: true
    esbuild-windows-32:
      optional: true
    esbuild-windows-64:
      optional: true
    esbuild-windows-arm64:
      optional: true
  bin:
    esbuild: bin/esbuild
  checksum: d7523a36bd28016c010829c527386dbc0c6b9f514920abf5ac8003f346665161aa61026fd6822c5091fc1c1af52fe26c9281a81740fc06f2994cdbb7c2880297
  languageName: node
  linkType: hard

"root-workspace-0b6124@workspace:.":
  version: 0.0.0-use.local
  resolution: "root-workspace-0b6124@workspace:."
  dependencies:
    esbuild: ^0.14.38
    esbuild-config: ^0.2.0
  languageName: unknown
  linkType: soft
